// !$*UTF8*$!
{
	archiveVersion = 1;
	classes = {
	};
	objectVersion = 52;
	objects = {

/* Begin PBXBuildFile section */
		484C7B09EB6972D553F3BB8B /* Pods_OneSignalNotificationServiceExtension.framework in Frameworks */ = {isa = PBXBuildFile; fileRef = 59AEE4E26A78F43EEE2663D1 /* Pods_OneSignalNotificationServiceExtension.framework */; };
		4B20E5582602A62A00BF03AF /* AppDelegate.swift in Sources */ = {isa = PBXBuildFile; fileRef = 4B20E5572602A62A00BF03AF /* AppDelegate.swift */; };
		4B20E55A2602A62A00BF03AF /* SceneDelegate.swift in Sources */ = {isa = PBXBuildFile; fileRef = 4B20E5592602A62A00BF03AF /* SceneDelegate.swift */; };
		4B20E55C2602A62A00BF03AF /* ViewController.swift in Sources */ = {isa = PBXBuildFile; fileRef = 4B20E55B2602A62A00BF03AF /* ViewController.swift */; };
		4B20E55F2602A62A00BF03AF /* Main.storyboard in Resources */ = {isa = PBXBuildFile; fileRef = 4B20E55D2602A62A00BF03AF /* Main.storyboard */; };
		4B20E5612602A62B00BF03AF /* Assets.xcassets in Resources */ = {isa = PBXBuildFile; fileRef = 4B20E5602602A62B00BF03AF /* Assets.xcassets */; };
		4B20E5642602A62B00BF03AF /* LaunchScreen.storyboard in Resources */ = {isa = PBXBuildFile; fileRef = 4B20E5622602A62B00BF03AF /* LaunchScreen.storyboard */; };
		4BF502D5260B92640069375C /* NotificationService.swift in Sources */ = {isa = PBXBuildFile; fileRef = 4BF502D4260B92640069375C /* NotificationService.swift */; };
		4BF502D9260B92640069375C /* OneSignalNotificationServiceExtension.appex in Embed App Extensions */ = {isa = PBXBuildFile; fileRef = 4BF502D2260B92640069375C /* OneSignalNotificationServiceExtension.appex */; settings = {ATTRIBUTES = (RemoveHeadersOnCopy, ); }; };
		4BF502E4260B94230069375C /* BuildFile in Frameworks */ = {isa = PBXBuildFile; productRef = 4BF502E3260B94230069375C /* SwiftPackageProductDependency */; };
		4BF50301260BE1F90069375C /* BuildFile in Frameworks */ = {isa = PBXBuildFile; productRef = 4BF50300260BE1F90069375C /* SwiftPackageProductDependency */; };
		B511ED9D7301CDD250CC04A2 /* Pods_AppFlyerOneSignal.framework in Frameworks */ = {isa = PBXBuildFile; fileRef = 40EB30579FB1FD660F2316E3 /* Pods_AppFlyerOneSignal.framework */; };
/* End PBXBuildFile section */

/* Begin PBXContainerItemProxy section */
		4BF502D7260B92640069375C /* PBXContainerItemProxy */ = {
			isa = PBXContainerItemProxy;
			containerPortal = 4B20E54C2602A62A00BF03AF /* Project object */;
			proxyType = 1;
			remoteGlobalIDString = 4BF502D1260B92640069375C;
			remoteInfo = OneSignalNotificationServiceExtension;
		};
/* End PBXContainerItemProxy section */

/* Begin PBXCopyFilesBuildPhase section */
		4BF502DA260B92640069375C /* Embed App Extensions */ = {
			isa = PBXCopyFilesBuildPhase;
			buildActionMask = 2147483647;
			dstPath = "";
			dstSubfolderSpec = 13;
			files = (
				4BF502D9260B92640069375C /* OneSignalNotificationServiceExtension.appex in Embed App Extensions */,
			);
			name = "Embed App Extensions";
			runOnlyForDeploymentPostprocessing = 0;
		};
/* End PBXCopyFilesBuildPhase section */

/* Begin PBXFileReference section */
		118A4EDA20A2D338E0AFE460 /* Pods-AppFlyerOneSignal.debug.xcconfig */ = {isa = PBXFileReference; includeInIndex = 1; lastKnownFileType = text.xcconfig; name = "Pods-AppFlyerOneSignal.debug.xcconfig"; path = "Target Support Files/Pods-AppFlyerOneSignal/Pods-AppFlyerOneSignal.debug.xcconfig"; sourceTree = "<group>"; };
		3EE06BF1A74F7176F68D5913 /* Pods-AppFlyerOneSignal.release.xcconfig */ = {isa = PBXFileReference; includeInIndex = 1; lastKnownFileType = text.xcconfig; name = "Pods-AppFlyerOneSignal.release.xcconfig"; path = "Target Support Files/Pods-AppFlyerOneSignal/Pods-AppFlyerOneSignal.release.xcconfig"; sourceTree = "<group>"; };
		40EB30579FB1FD660F2316E3 /* Pods_AppFlyerOneSignal.framework */ = {isa = PBXFileReference; explicitFileType = wrapper.framework; includeInIndex = 0; path = Pods_AppFlyerOneSignal.framework; sourceTree = BUILT_PRODUCTS_DIR; };
		4B20E5542602A62A00BF03AF /* AppFlyerOneSignal.app */ = {isa = PBXFileReference; explicitFileType = wrapper.application; includeInIndex = 0; path = AppFlyerOneSignal.app; sourceTree = BUILT_PRODUCTS_DIR; };
		4B20E5572602A62A00BF03AF /* AppDelegate.swift */ = {isa = PBXFileReference; lastKnownFileType = sourcecode.swift; path = AppDelegate.swift; sourceTree = "<group>"; };
		4B20E5592602A62A00BF03AF /* SceneDelegate.swift */ = {isa = PBXFileReference; lastKnownFileType = sourcecode.swift; path = SceneDelegate.swift; sourceTree = "<group>"; };
		4B20E55B2602A62A00BF03AF /* ViewController.swift */ = {isa = PBXFileReference; lastKnownFileType = sourcecode.swift; path = ViewController.swift; sourceTree = "<group>"; };
		4B20E55E2602A62A00BF03AF /* Base */ = {isa = PBXFileReference; lastKnownFileType = file.storyboard; name = Base; path = Base.lproj/Main.storyboard; sourceTree = "<group>"; };
		4B20E5602602A62B00BF03AF /* Assets.xcassets */ = {isa = PBXFileReference; lastKnownFileType = folder.assetcatalog; path = Assets.xcassets; sourceTree = "<group>"; };
		4B20E5632602A62B00BF03AF /* Base */ = {isa = PBXFileReference; lastKnownFileType = file.storyboard; name = Base; path = Base.lproj/LaunchScreen.storyboard; sourceTree = "<group>"; };
		4B20E5652602A62B00BF03AF /* Info.plist */ = {isa = PBXFileReference; lastKnownFileType = text.plist.xml; path = Info.plist; sourceTree = "<group>"; };
		4BF502D2260B92640069375C /* OneSignalNotificationServiceExtension.appex */ = {isa = PBXFileReference; explicitFileType = "wrapper.app-extension"; includeInIndex = 0; path = OneSignalNotificationServiceExtension.appex; sourceTree = BUILT_PRODUCTS_DIR; };
		4BF502D4260B92640069375C /* NotificationService.swift */ = {isa = PBXFileReference; lastKnownFileType = sourcecode.swift; path = NotificationService.swift; sourceTree = "<group>"; };
		4BF502D6260B92640069375C /* Info.plist */ = {isa = PBXFileReference; lastKnownFileType = text.plist.xml; path = Info.plist; sourceTree = "<group>"; };
		4BF502ED260BBF420069375C /* AppFlyerOneSignal.entitlements */ = {isa = PBXFileReference; lastKnownFileType = text.plist.entitlements; path = AppFlyerOneSignal.entitlements; sourceTree = "<group>"; };
		4BF502F0260BC9D80069375C /* OneSignalNotificationServiceExtension.entitlements */ = {isa = PBXFileReference; lastKnownFileType = text.plist.entitlements; path = OneSignalNotificationServiceExtension.entitlements; sourceTree = "<group>"; };
		5472FC0C2EB87498728EDE50 /* Pods-OneSignalNotificationServiceExtension.debug.xcconfig */ = {isa = PBXFileReference; includeInIndex = 1; lastKnownFileType = text.xcconfig; name = "Pods-OneSignalNotificationServiceExtension.debug.xcconfig"; path = "Target Support Files/Pods-OneSignalNotificationServiceExtension/Pods-OneSignalNotificationServiceExtension.debug.xcconfig"; sourceTree = "<group>"; };
		59AEE4E26A78F43EEE2663D1 /* Pods_OneSignalNotificationServiceExtension.framework */ = {isa = PBXFileReference; explicitFileType = wrapper.framework; includeInIndex = 0; path = Pods_OneSignalNotificationServiceExtension.framework; sourceTree = BUILT_PRODUCTS_DIR; };
		A1176AAF521017E1F3856A49 /* Pods-OneSignalNotificationServiceExtension.release.xcconfig */ = {isa = PBXFileReference; includeInIndex = 1; lastKnownFileType = text.xcconfig; name = "Pods-OneSignalNotificationServiceExtension.release.xcconfig"; path = "Target Support Files/Pods-OneSignalNotificationServiceExtension/Pods-OneSignalNotificationServiceExtension.release.xcconfig"; sourceTree = "<group>"; };
/* End PBXFileReference section */

/* Begin PBXFrameworksBuildPhase section */
		4B20E5512602A62A00BF03AF /* Frameworks */ = {
			isa = PBXFrameworksBuildPhase;
			buildActionMask = 2147483647;
			files = (
				4BF502E4260B94230069375C /* BuildFile in Frameworks */,
				4BF50301260BE1F90069375C /* BuildFile in Frameworks */,
				B511ED9D7301CDD250CC04A2 /* Pods_AppFlyerOneSignal.framework in Frameworks */,
			);
			runOnlyForDeploymentPostprocessing = 0;
		};
		4BF502CF260B92640069375C /* Frameworks */ = {
			isa = PBXFrameworksBuildPhase;
			buildActionMask = 2147483647;
			files = (
				484C7B09EB6972D553F3BB8B /* Pods_OneSignalNotificationServiceExtension.framework in Frameworks */,
			);
			runOnlyForDeploymentPostprocessing = 0;
		};
/* End PBXFrameworksBuildPhase section */

/* Begin PBXGroup section */
		4B20E54B2602A62A00BF03AF = {
			isa = PBXGroup;
			children = (
				4B20E5562602A62A00BF03AF /* AppFlyerOneSignal */,
				4BF502D3260B92640069375C /* OneSignalNotificationServiceExtension */,
				4B20E5552602A62A00BF03AF /* Products */,
				4E8B4518BF63858910ADD719 /* Pods */,
				6A380C48C73AD27A714391E3 /* Frameworks */,
			);
			sourceTree = "<group>";
		};
		4B20E5552602A62A00BF03AF /* Products */ = {
			isa = PBXGroup;
			children = (
				4B20E5542602A62A00BF03AF /* AppFlyerOneSignal.app */,
				4BF502D2260B92640069375C /* OneSignalNotificationServiceExtension.appex */,
			);
			name = Products;
			sourceTree = "<group>";
		};
		4B20E5562602A62A00BF03AF /* AppFlyerOneSignal */ = {
			isa = PBXGroup;
			children = (
				4BF502ED260BBF420069375C /* AppFlyerOneSignal.entitlements */,
				4B20E5572602A62A00BF03AF /* AppDelegate.swift */,
				4B20E5592602A62A00BF03AF /* SceneDelegate.swift */,
				4B20E55B2602A62A00BF03AF /* ViewController.swift */,
				4B20E55D2602A62A00BF03AF /* Main.storyboard */,
				4B20E5602602A62B00BF03AF /* Assets.xcassets */,
				4B20E5622602A62B00BF03AF /* LaunchScreen.storyboard */,
				4B20E5652602A62B00BF03AF /* Info.plist */,
			);
			path = AppFlyerOneSignal;
			sourceTree = "<group>";
		};
		4BF502D3260B92640069375C /* OneSignalNotificationServiceExtension */ = {
			isa = PBXGroup;
			children = (
				4BF502F0260BC9D80069375C /* OneSignalNotificationServiceExtension.entitlements */,
				4BF502D4260B92640069375C /* NotificationService.swift */,
				4BF502D6260B92640069375C /* Info.plist */,
			);
			path = OneSignalNotificationServiceExtension;
			sourceTree = "<group>";
		};
		4E8B4518BF63858910ADD719 /* Pods */ = {
			isa = PBXGroup;
			children = (
				118A4EDA20A2D338E0AFE460 /* Pods-AppFlyerOneSignal.debug.xcconfig */,
				3EE06BF1A74F7176F68D5913 /* Pods-AppFlyerOneSignal.release.xcconfig */,
				5472FC0C2EB87498728EDE50 /* Pods-OneSignalNotificationServiceExtension.debug.xcconfig */,
				A1176AAF521017E1F3856A49 /* Pods-OneSignalNotificationServiceExtension.release.xcconfig */,
			);
			name = Pods;
			path = Pods;
			sourceTree = "<group>";
		};
		6A380C48C73AD27A714391E3 /* Frameworks */ = {
			isa = PBXGroup;
			children = (
				40EB30579FB1FD660F2316E3 /* Pods_AppFlyerOneSignal.framework */,
				59AEE4E26A78F43EEE2663D1 /* Pods_OneSignalNotificationServiceExtension.framework */,
			);
			name = Frameworks;
			sourceTree = "<group>";
		};
/* End PBXGroup section */

/* Begin PBXNativeTarget section */
		4B20E5532602A62A00BF03AF /* AppFlyerOneSignal */ = {
			isa = PBXNativeTarget;
			buildConfigurationList = 4B20E5682602A62B00BF03AF /* Build configuration list for PBXNativeTarget "AppFlyerOneSignal" */;
			buildPhases = (
				BF74BF6B29773BCFD9F69ECD /* [CP] Check Pods Manifest.lock */,
				4B20E5502602A62A00BF03AF /* Sources */,
				4B20E5512602A62A00BF03AF /* Frameworks */,
				4B20E5522602A62A00BF03AF /* Resources */,
				4BF502DA260B92640069375C /* Embed App Extensions */,
			);
			buildRules = (
			);
			dependencies = (
				4BF502D8260B92640069375C /* PBXTargetDependency */,
			);
			name = AppFlyerOneSignal;
			packageProductDependencies = (
				4BF502E3260B94230069375C /* SwiftPackageProductDependency */,
				4BF50300260BE1F90069375C /* SwiftPackageProductDependency */,
			);
			productName = AppFlyerOneSignal;
			productReference = 4B20E5542602A62A00BF03AF /* AppFlyerOneSignal.app */;
			productType = "com.apple.product-type.application";
		};
		4BF502D1260B92640069375C /* OneSignalNotificationServiceExtension */ = {
			isa = PBXNativeTarget;
			buildConfigurationList = 4BF502DD260B92640069375C /* Build configuration list for PBXNativeTarget "OneSignalNotificationServiceExtension" */;
			buildPhases = (
				82A8590C2C00AD42D08A383C /* [CP] Check Pods Manifest.lock */,
				4BF502CE260B92640069375C /* Sources */,
				4BF502CF260B92640069375C /* Frameworks */,
				4BF502D0260B92640069375C /* Resources */,
			);
			buildRules = (
			);
			dependencies = (
			);
			name = OneSignalNotificationServiceExtension;
			productName = OneSignalNotificationServiceExtension;
			productReference = 4BF502D2260B92640069375C /* OneSignalNotificationServiceExtension.appex */;
			productType = "com.apple.product-type.app-extension";
		};
/* End PBXNativeTarget section */

/* Begin PBXProject section */
		4B20E54C2602A62A00BF03AF /* Project object */ = {
			isa = PBXProject;
			attributes = {
				LastSwiftUpdateCheck = 1240;
				LastUpgradeCheck = 1240;
				TargetAttributes = {
					4B20E5532602A62A00BF03AF = {
						CreatedOnToolsVersion = 12.4;
					};
					4BF502D1260B92640069375C = {
						CreatedOnToolsVersion = 12.4;
					};
				};
			};
			buildConfigurationList = 4B20E54F2602A62A00BF03AF /* Build configuration list for PBXProject "AppFlyerOneSignal" */;
			compatibilityVersion = "Xcode 9.3";
			developmentRegion = en;
			hasScannedForEncodings = 0;
			knownRegions = (
				en,
				Base,
			);
			mainGroup = 4B20E54B2602A62A00BF03AF;
			packageReferences = (
				4BF502E2260B94230069375C /* RemoteSwiftPackageReference */,
				4BF502FF260BE1F90069375C /* RemoteSwiftPackageReference */,
			);
			productRefGroup = 4B20E5552602A62A00BF03AF /* Products */;
			projectDirPath = "";
			projectRoot = "";
			targets = (
				4B20E5532602A62A00BF03AF /* AppFlyerOneSignal */,
				4BF502D1260B92640069375C /* OneSignalNotificationServiceExtension */,
			);
		};
/* End PBXProject section */

/* Begin PBXResourcesBuildPhase section */
		4B20E5522602A62A00BF03AF /* Resources */ = {
			isa = PBXResourcesBuildPhase;
			buildActionMask = 2147483647;
			files = (
				4B20E5642602A62B00BF03AF /* LaunchScreen.storyboard in Resources */,
				4B20E5612602A62B00BF03AF /* Assets.xcassets in Resources */,
				4B20E55F2602A62A00BF03AF /* Main.storyboard in Resources */,
			);
			runOnlyForDeploymentPostprocessing = 0;
		};
		4BF502D0260B92640069375C /* Resources */ = {
			isa = PBXResourcesBuildPhase;
			buildActionMask = 2147483647;
			files = (
			);
			runOnlyForDeploymentPostprocessing = 0;
		};
/* End PBXResourcesBuildPhase section */

/* Begin PBXShellScriptBuildPhase section */
		82A8590C2C00AD42D08A383C /* [CP] Check Pods Manifest.lock */ = {
			isa = PBXShellScriptBuildPhase;
			buildActionMask = 2147483647;
			files = (
			);
			inputFileListPaths = (
			);
			inputPaths = (
				"${PODS_PODFILE_DIR_PATH}/Podfile.lock",
				"${PODS_ROOT}/Manifest.lock",
			);
			name = "[CP] Check Pods Manifest.lock";
			outputFileListPaths = (
			);
			outputPaths = (
				"$(DERIVED_FILE_DIR)/Pods-OneSignalNotificationServiceExtension-checkManifestLockResult.txt",
			);
			runOnlyForDeploymentPostprocessing = 0;
			shellPath = /bin/sh;
			shellScript = "diff \"${PODS_PODFILE_DIR_PATH}/Podfile.lock\" \"${PODS_ROOT}/Manifest.lock\" > /dev/null\nif [ $? != 0 ] ; then\n    # print error to STDERR\n    echo \"error: The sandbox is not in sync with the Podfile.lock. Run 'pod install' or update your CocoaPods installation.\" >&2\n    exit 1\nfi\n# This output is used by Xcode 'outputs' to avoid re-running this script phase.\necho \"SUCCESS\" > \"${SCRIPT_OUTPUT_FILE_0}\"\n";
			showEnvVarsInLog = 0;
		};
		BF74BF6B29773BCFD9F69ECD /* [CP] Check Pods Manifest.lock */ = {
			isa = PBXShellScriptBuildPhase;
			buildActionMask = 2147483647;
			files = (
			);
			inputFileListPaths = (
			);
			inputPaths = (
				"${PODS_PODFILE_DIR_PATH}/Podfile.lock",
				"${PODS_ROOT}/Manifest.lock",
			);
			name = "[CP] Check Pods Manifest.lock";
			outputFileListPaths = (
			);
			outputPaths = (
				"$(DERIVED_FILE_DIR)/Pods-AppFlyerOneSignal-checkManifestLockResult.txt",
			);
			runOnlyForDeploymentPostprocessing = 0;
			shellPath = /bin/sh;
			shellScript = "diff \"${PODS_PODFILE_DIR_PATH}/Podfile.lock\" \"${PODS_ROOT}/Manifest.lock\" > /dev/null\nif [ $? != 0 ] ; then\n    # print error to STDERR\n    echo \"error: The sandbox is not in sync with the Podfile.lock. Run 'pod install' or update your CocoaPods installation.\" >&2\n    exit 1\nfi\n# This output is used by Xcode 'outputs' to avoid re-running this script phase.\necho \"SUCCESS\" > \"${SCRIPT_OUTPUT_FILE_0}\"\n";
			showEnvVarsInLog = 0;
		};
/* End PBXShellScriptBuildPhase section */

/* Begin PBXSourcesBuildPhase section */
		4B20E5502602A62A00BF03AF /* Sources */ = {
			isa = PBXSourcesBuildPhase;
			buildActionMask = 2147483647;
			files = (
				4B20E55C2602A62A00BF03AF /* ViewController.swift in Sources */,
				4B20E5582602A62A00BF03AF /* AppDelegate.swift in Sources */,
				4B20E55A2602A62A00BF03AF /* SceneDelegate.swift in Sources */,
			);
			runOnlyForDeploymentPostprocessing = 0;
		};
		4BF502CE260B92640069375C /* Sources */ = {
			isa = PBXSourcesBuildPhase;
			buildActionMask = 2147483647;
			files = (
				4BF502D5260B92640069375C /* NotificationService.swift in Sources */,
			);
			runOnlyForDeploymentPostprocessing = 0;
		};
/* End PBXSourcesBuildPhase section */

/* Begin PBXTargetDependency section */
		4BF502D8260B92640069375C /* PBXTargetDependency */ = {
			isa = PBXTargetDependency;
			target = 4BF502D1260B92640069375C /* OneSignalNotificationServiceExtension */;
			targetProxy = 4BF502D7260B92640069375C /* PBXContainerItemProxy */;
		};
/* End PBXTargetDependency section */

/* Begin PBXVariantGroup section */
		4B20E55D2602A62A00BF03AF /* Main.storyboard */ = {
			isa = PBXVariantGroup;
			children = (
				4B20E55E2602A62A00BF03AF /* Base */,
			);
			name = Main.storyboard;
			sourceTree = "<group>";
		};
		4B20E5622602A62B00BF03AF /* LaunchScreen.storyboard */ = {
			isa = PBXVariantGroup;
			children = (
				4B20E5632602A62B00BF03AF /* Base */,
			);
			name = LaunchScreen.storyboard;
			sourceTree = "<group>";
		};
/* End PBXVariantGroup section */

/* Begin XCBuildConfiguration section */
		4B20E5662602A62B00BF03AF /* Debug */ = {
			isa = XCBuildConfiguration;
			buildSettings = {
				ALWAYS_SEARCH_USER_PATHS = NO;
				CLANG_ANALYZER_NONNULL = YES;
				CLANG_ANALYZER_NUMBER_OBJECT_CONVERSION = YES_AGGRESSIVE;
				CLANG_CXX_LANGUAGE_STANDARD = "gnu++14";
				CLANG_CXX_LIBRARY = "libc++";
				CLANG_ENABLE_MODULES = YES;
				CLANG_ENABLE_OBJC_ARC = YES;
				CLANG_ENABLE_OBJC_WEAK = YES;
				CLANG_WARN_BLOCK_CAPTURE_AUTORELEASING = YES;
				CLANG_WARN_BOOL_CONVERSION = YES;
				CLANG_WARN_COMMA = YES;
				CLANG_WARN_CONSTANT_CONVERSION = YES;
				CLANG_WARN_DEPRECATED_OBJC_IMPLEMENTATIONS = YES;
				CLANG_WARN_DIRECT_OBJC_ISA_USAGE = YES_ERROR;
				CLANG_WARN_DOCUMENTATION_COMMENTS = YES;
				CLANG_WARN_EMPTY_BODY = YES;
				CLANG_WARN_ENUM_CONVERSION = YES;
				CLANG_WARN_INFINITE_RECURSION = YES;
				CLANG_WARN_INT_CONVERSION = YES;
				CLANG_WARN_NON_LITERAL_NULL_CONVERSION = YES;
				CLANG_WARN_OBJC_IMPLICIT_RETAIN_SELF = YES;
				CLANG_WARN_OBJC_LITERAL_CONVERSION = YES;
				CLANG_WARN_OBJC_ROOT_CLASS = YES_ERROR;
				CLANG_WARN_QUOTED_INCLUDE_IN_FRAMEWORK_HEADER = YES;
				CLANG_WARN_RANGE_LOOP_ANALYSIS = YES;
				CLANG_WARN_STRICT_PROTOTYPES = YES;
				CLANG_WARN_SUSPICIOUS_MOVE = YES;
				CLANG_WARN_UNGUARDED_AVAILABILITY = YES_AGGRESSIVE;
				CLANG_WARN_UNREACHABLE_CODE = YES;
				CLANG_WARN__DUPLICATE_METHOD_MATCH = YES;
				COPY_PHASE_STRIP = NO;
				DEBUG_INFORMATION_FORMAT = dwarf;
				ENABLE_STRICT_OBJC_MSGSEND = YES;
				ENABLE_TESTABILITY = YES;
				GCC_C_LANGUAGE_STANDARD = gnu11;
				GCC_DYNAMIC_NO_PIC = NO;
				GCC_NO_COMMON_BLOCKS = YES;
				GCC_OPTIMIZATION_LEVEL = 0;
				GCC_PREPROCESSOR_DEFINITIONS = (
					"DEBUG=1",
					"$(inherited)",
				);
				GCC_WARN_64_TO_32_BIT_CONVERSION = YES;
				GCC_WARN_ABOUT_RETURN_TYPE = YES_ERROR;
				GCC_WARN_UNDECLARED_SELECTOR = YES;
				GCC_WARN_UNINITIALIZED_AUTOS = YES_AGGRESSIVE;
				GCC_WARN_UNUSED_FUNCTION = YES;
				GCC_WARN_UNUSED_VARIABLE = YES;
				IPHONEOS_DEPLOYMENT_TARGET = 14.4;
				MTL_ENABLE_DEBUG_INFO = INCLUDE_SOURCE;
				MTL_FAST_MATH = YES;
				ONLY_ACTIVE_ARCH = YES;
				SDKROOT = iphoneos;
				SWIFT_ACTIVE_COMPILATION_CONDITIONS = DEBUG;
				SWIFT_OPTIMIZATION_LEVEL = "-Onone";
			};
			name = Debug;
		};
		4B20E5672602A62B00BF03AF /* Release */ = {
			isa = XCBuildConfiguration;
			buildSettings = {
				ALWAYS_SEARCH_USER_PATHS = NO;
				CLANG_ANALYZER_NONNULL = YES;
				CLANG_ANALYZER_NUMBER_OBJECT_CONVERSION = YES_AGGRESSIVE;
				CLANG_CXX_LANGUAGE_STANDARD = "gnu++14";
				CLANG_CXX_LIBRARY = "libc++";
				CLANG_ENABLE_MODULES = YES;
				CLANG_ENABLE_OBJC_ARC = YES;
				CLANG_ENABLE_OBJC_WEAK = YES;
				CLANG_WARN_BLOCK_CAPTURE_AUTORELEASING = YES;
				CLANG_WARN_BOOL_CONVERSION = YES;
				CLANG_WARN_COMMA = YES;
				CLANG_WARN_CONSTANT_CONVERSION = YES;
				CLANG_WARN_DEPRECATED_OBJC_IMPLEMENTATIONS = YES;
				CLANG_WARN_DIRECT_OBJC_ISA_USAGE = YES_ERROR;
				CLANG_WARN_DOCUMENTATION_COMMENTS = YES;
				CLANG_WARN_EMPTY_BODY = YES;
				CLANG_WARN_ENUM_CONVERSION = YES;
				CLANG_WARN_INFINITE_RECURSION = YES;
				CLANG_WARN_INT_CONVERSION = YES;
				CLANG_WARN_NON_LITERAL_NULL_CONVERSION = YES;
				CLANG_WARN_OBJC_IMPLICIT_RETAIN_SELF = YES;
				CLANG_WARN_OBJC_LITERAL_CONVERSION = YES;
				CLANG_WARN_OBJC_ROOT_CLASS = YES_ERROR;
				CLANG_WARN_QUOTED_INCLUDE_IN_FRAMEWORK_HEADER = YES;
				CLANG_WARN_RANGE_LOOP_ANALYSIS = YES;
				CLANG_WARN_STRICT_PROTOTYPES = YES;
				CLANG_WARN_SUSPICIOUS_MOVE = YES;
				CLANG_WARN_UNGUARDED_AVAILABILITY = YES_AGGRESSIVE;
				CLANG_WARN_UNREACHABLE_CODE = YES;
				CLANG_WARN__DUPLICATE_METHOD_MATCH = YES;
				COPY_PHASE_STRIP = NO;
				DEBUG_INFORMATION_FORMAT = "dwarf-with-dsym";
				ENABLE_NS_ASSERTIONS = NO;
				ENABLE_STRICT_OBJC_MSGSEND = YES;
				GCC_C_LANGUAGE_STANDARD = gnu11;
				GCC_NO_COMMON_BLOCKS = YES;
				GCC_WARN_64_TO_32_BIT_CONVERSION = YES;
				GCC_WARN_ABOUT_RETURN_TYPE = YES_ERROR;
				GCC_WARN_UNDECLARED_SELECTOR = YES;
				GCC_WARN_UNINITIALIZED_AUTOS = YES_AGGRESSIVE;
				GCC_WARN_UNUSED_FUNCTION = YES;
				GCC_WARN_UNUSED_VARIABLE = YES;
				IPHONEOS_DEPLOYMENT_TARGET = 14.4;
				MTL_ENABLE_DEBUG_INFO = NO;
				MTL_FAST_MATH = YES;
				SDKROOT = iphoneos;
				SWIFT_COMPILATION_MODE = wholemodule;
				SWIFT_OPTIMIZATION_LEVEL = "-O";
				VALIDATE_PRODUCT = YES;
			};
			name = Release;
		};
		4B20E5692602A62B00BF03AF /* Debug */ = {
			isa = XCBuildConfiguration;
			baseConfigurationReference = 118A4EDA20A2D338E0AFE460 /* Pods-AppFlyerOneSignal.debug.xcconfig */;
			buildSettings = {
				ALWAYS_EMBED_SWIFT_STANDARD_LIBRARIES = YES;
				ASSETCATALOG_COMPILER_APPICON_NAME = AppIcon;
				ASSETCATALOG_COMPILER_GLOBAL_ACCENT_COLOR_NAME = AccentColor;
				CODE_SIGN_ENTITLEMENTS = AppFlyerOneSignal/AppFlyerOneSignal.entitlements;
				CODE_SIGN_STYLE = Automatic;
				DEVELOPMENT_TEAM = 99SW8E36CT;
				INFOPLIST_FILE = AppFlyerOneSignal/Info.plist;
				LD_RUNPATH_SEARCH_PATHS = (
					"$(inherited)",
					"@executable_path/Frameworks",
				);
				PRODUCT_BUNDLE_IDENTIFIER = com.onesignal.AppFlyerOneSignal;
				PRODUCT_NAME = "$(TARGET_NAME)";
				SWIFT_VERSION = 5.0;
				TARGETED_DEVICE_FAMILY = "1,2";
			};
			name = Debug;
		};
		4B20E56A2602A62B00BF03AF /* Release */ = {
			isa = XCBuildConfiguration;
			baseConfigurationReference = 3EE06BF1A74F7176F68D5913 /* Pods-AppFlyerOneSignal.release.xcconfig */;
			buildSettings = {
				ALWAYS_EMBED_SWIFT_STANDARD_LIBRARIES = YES;
				ASSETCATALOG_COMPILER_APPICON_NAME = AppIcon;
				ASSETCATALOG_COMPILER_GLOBAL_ACCENT_COLOR_NAME = AccentColor;
				CODE_SIGN_ENTITLEMENTS = AppFlyerOneSignal/AppFlyerOneSignal.entitlements;
				CODE_SIGN_STYLE = Automatic;
				DEVELOPMENT_TEAM = 99SW8E36CT;
				INFOPLIST_FILE = AppFlyerOneSignal/Info.plist;
				LD_RUNPATH_SEARCH_PATHS = (
					"$(inherited)",
					"@executable_path/Frameworks",
				);
				PRODUCT_BUNDLE_IDENTIFIER = com.onesignal.AppFlyerOneSignal;
				PRODUCT_NAME = "$(TARGET_NAME)";
				SWIFT_VERSION = 5.0;
				TARGETED_DEVICE_FAMILY = "1,2";
			};
			name = Release;
		};
		4BF502DB260B92640069375C /* Debug */ = {
			isa = XCBuildConfiguration;
			baseConfigurationReference = 5472FC0C2EB87498728EDE50 /* Pods-OneSignalNotificationServiceExtension.debug.xcconfig */;
			buildSettings = {
				CODE_SIGN_ENTITLEMENTS = OneSignalNotificationServiceExtension/OneSignalNotificationServiceExtension.entitlements;
				CODE_SIGN_STYLE = Automatic;
				DEVELOPMENT_TEAM = 99SW8E36CT;
				INFOPLIST_FILE = OneSignalNotificationServiceExtension/Info.plist;
				IPHONEOS_DEPLOYMENT_TARGET = 10.0;
				LD_RUNPATH_SEARCH_PATHS = (
					"$(inherited)",
					"@executable_path/Frameworks",
					"@executable_path/../../Frameworks",
				);
				PRODUCT_BUNDLE_IDENTIFIER = com.onesignal.AppFlyerOneSignal.OneSignalNotificationServiceExtension;
				PRODUCT_NAME = "$(TARGET_NAME)";
				SKIP_INSTALL = YES;
				SWIFT_VERSION = 5.0;
				TARGETED_DEVICE_FAMILY = "1,2";
			};
			name = Debug;
		};
		4BF502DC260B92640069375C /* Release */ = {
			isa = XCBuildConfiguration;
			baseConfigurationReference = A1176AAF521017E1F3856A49 /* Pods-OneSignalNotificationServiceExtension.release.xcconfig */;
			buildSettings = {
				CODE_SIGN_ENTITLEMENTS = OneSignalNotificationServiceExtension/OneSignalNotificationServiceExtension.entitlements;
				CODE_SIGN_STYLE = Automatic;
				DEVELOPMENT_TEAM = 99SW8E36CT;
				INFOPLIST_FILE = OneSignalNotificationServiceExtension/Info.plist;
				IPHONEOS_DEPLOYMENT_TARGET = 10.0;
				LD_RUNPATH_SEARCH_PATHS = (
					"$(inherited)",
					"@executable_path/Frameworks",
					"@executable_path/../../Frameworks",
				);
				PRODUCT_BUNDLE_IDENTIFIER = com.onesignal.AppFlyerOneSignal.OneSignalNotificationServiceExtension;
				PRODUCT_NAME = "$(TARGET_NAME)";
				SKIP_INSTALL = YES;
				SWIFT_VERSION = 5.0;
				TARGETED_DEVICE_FAMILY = "1,2";
			};
			name = Release;
		};
/* End XCBuildConfiguration section */

/* Begin XCConfigurationList section */
		4B20E54F2602A62A00BF03AF /* Build configuration list for PBXProject "AppFlyerOneSignal" */ = {
			isa = XCConfigurationList;
			buildConfigurations = (
				4B20E5662602A62B00BF03AF /* Debug */,
				4B20E5672602A62B00BF03AF /* Release */,
			);
			defaultConfigurationIsVisible = 0;
			defaultConfigurationName = Release;
		};
		4B20E5682602A62B00BF03AF /* Build configuration list for PBXNativeTarget "AppFlyerOneSignal" */ = {
			isa = XCConfigurationList;
			buildConfigurations = (
				4B20E5692602A62B00BF03AF /* Debug */,
				4B20E56A2602A62B00BF03AF /* Release */,
			);
			defaultConfigurationIsVisible = 0;
			defaultConfigurationName = Release;
		};
		4BF502DD260B92640069375C /* Build configuration list for PBXNativeTarget "OneSignalNotificationServiceExtension" */ = {
			isa = XCConfigurationList;
			buildConfigurations = (
				4BF502DB260B92640069375C /* Debug */,
				4BF502DC260B92640069375C /* Release */,
			);
			defaultConfigurationIsVisible = 0;
			defaultConfigurationName = Release;
		};
/* End XCConfigurationList section */

/* Begin XCRemoteSwiftPackageReference section */
		4BF502E2260B94230069375C /* RemoteSwiftPackageReference */ = {
			isa = XCRemoteSwiftPackageReference;
			repositoryURL = "https://github.com/OneSignal/OneSignal-XCFramework";
			requirement = {
				kind = upToNextMajorVersion;
				minimumVersion = 3.3.0;
			};
		};
		4BF502FF260BE1F90069375C /* RemoteSwiftPackageReference */ = {
			isa = XCRemoteSwiftPackageReference;
			repositoryURL = "https://github.com/AppsFlyerSDK/AppsFlyerFramework";
			requirement = {
				kind = upToNextMajorVersion;
				minimumVersion = 6.2.4;
			};
		};
/* End XCRemoteSwiftPackageReference section */

/* Begin XCSwiftPackageProductDependency section */
		4BF502E3260B94230069375C /* SwiftPackageProductDependency */ = {
			isa = XCSwiftPackageProductDependency;
			package = 4BF502E2260B94230069375C /* RemoteSwiftPackageReference */;
			productName = OneSignal;
		};
		4BF50300260BE1F90069375C /* SwiftPackageProductDependency */ = {
			isa = XCSwiftPackageProductDependency;
			package = 4BF502FF260BE1F90069375C /* RemoteSwiftPackageReference */;
			productName = AppsFlyerLib;
		};
/* End XCSwiftPackageProductDependency section */
	};
	rootObject = 4B20E54C2602A62A00BF03AF /* Project object */;
}
